
Microsoft Visual Studio Solution File, Format Version 12.00
# Visual Studio Version 17
VisualStudioVersion = 17.9.34616.47
MinimumVisualStudioVersion = 10.0.40219.1
Project("{2150E333-8FDC-42A3-9474-1A3956D46DE8}") = "src", "src", "{B517EF7A-FB63-481B-8905-96067CA2C044}"
EndProject
Project("{2150E333-8FDC-42A3-9474-1A3956D46DE8}") = "tests", "tests", "{EEBB652F-34B0-4EBF-8A7F-6C6A45A4F312}"
EndProject
Project("{FAE04EC0-301F-11D3-BF4B-00C04F79EFBC}") = "Tests.ManagingSales.App", "tests\Tests.ManagingSales.App\Tests.ManagingSales.App.csproj", "{77253545-A74B-4607-8A40-664F27896567}"
EndProject
Project("{FAE04EC0-301F-11D3-BF4B-00C04F79EFBC}") = "Tests.ManagingSales.Data", "tests\Tests.ManagingSales.Data\Tests.ManagingSales.Data.csproj", "{8244C5FB-0139-4EB0-8DC8-A16311E2EB43}"
EndProject
Project("{FAE04EC0-301F-11D3-BF4B-00C04F79EFBC}") = "ManagingSales.Data", "src\ManagingSales.Data\ManagingSales.Data.csproj", "{6E40FFFF-0540-4FDE-BC08-4F31FBD253A9}"
EndProject
Project("{FAE04EC0-301F-11D3-BF4B-00C04F79EFBC}") = "ManagingSales.Business", "src\ManagingSales.Business\ManagingSales.Business.csproj", "{9E8BC8C2-3B03-401D-899A-2F791E9BE455}"
EndProject
Project("{FAE04EC0-301F-11D3-BF4B-00C04F79EFBC}") = "Tests.ManagingSales.Business", "tests\Tests.ManagingSales.Business\Tests.ManagingSales.Business.csproj", "{54AA52F6-73BA-4DA4-9CB0-65F17412B2DE}"
EndProject
Project("{FAE04EC0-301F-11D3-BF4B-00C04F79EFBC}") = "ManagingSales.Impl", "src\ManagingSales.Impl\ManagingSales.Impl.csproj", "{75D11AC3-9D14-4941-ADC7-530527D1056E}"
EndProject
Project("{FAE04EC0-301F-11D3-BF4B-00C04F79EFBC}") = "Tests.ManagingSales.Impl", "tests\Tests.ManagingSales.Impl\Tests.ManagingSales.Impl.csproj", "{B3320E08-31E0-47E1-BFE4-B84A1DB5A0E3}"
EndProject
Project("{FAE04EC0-301F-11D3-BF4B-00C04F79EFBC}") = "ManagingSales.API", "src\ManagingSales.API\ManagingSales.API.csproj", "{9A352A19-E496-4523-95F1-A7F4C6F00615}"
EndProject
Project("{2150E333-8FDC-42A3-9474-1A3956D46DE8}") = "client", "client", "{70B7FAED-759F-4728-A1DE-A3CA38FB24A0}"
EndProject
Project("{FAE04EC0-301F-11D3-BF4B-00C04F79EFBC}") = "Tests.ManagingSales.API", "tests\Tests.ManagingSales.API\Tests.ManagingSales.API.csproj", "{4003267B-7437-49F3-9DC6-4325458577B2}"
EndProject
Project("{FAE04EC0-301F-11D3-BF4B-00C04F79EFBC}") = "ManagingSales.App", "src\ManagingSales.App\ManagingSales.App.csproj", "{81B21180-3CE8-4A79-9FFE-58B015DA2F56}"
EndProject
Global
	GlobalSection(SolutionConfigurationPlatforms) = preSolution
		Debug|Any CPU = Debug|Any CPU
		Release|Any CPU = Release|Any CPU
	EndGlobalSection
	GlobalSection(ProjectConfigurationPlatforms) = postSolution
		{77253545-A74B-4607-8A40-664F27896567}.Debug|Any CPU.ActiveCfg = Debug|Any CPU
		{77253545-A74B-4607-8A40-664F27896567}.Debug|Any CPU.Build.0 = Debug|Any CPU
		{77253545-A74B-4607-8A40-664F27896567}.Release|Any CPU.ActiveCfg = Release|Any CPU
		{77253545-A74B-4607-8A40-664F27896567}.Release|Any CPU.Build.0 = Release|Any CPU
		{8244C5FB-0139-4EB0-8DC8-A16311E2EB43}.Debug|Any CPU.ActiveCfg = Debug|Any CPU
		{8244C5FB-0139-4EB0-8DC8-A16311E2EB43}.Debug|Any CPU.Build.0 = Debug|Any CPU
		{8244C5FB-0139-4EB0-8DC8-A16311E2EB43}.Release|Any CPU.ActiveCfg = Release|Any CPU
		{8244C5FB-0139-4EB0-8DC8-A16311E2EB43}.Release|Any CPU.Build.0 = Release|Any CPU
		{6E40FFFF-0540-4FDE-BC08-4F31FBD253A9}.Debug|Any CPU.ActiveCfg = Debug|Any CPU
		{6E40FFFF-0540-4FDE-BC08-4F31FBD253A9}.Debug|Any CPU.Build.0 = Debug|Any CPU
		{6E40FFFF-0540-4FDE-BC08-4F31FBD253A9}.Release|Any CPU.ActiveCfg = Release|Any CPU
		{6E40FFFF-0540-4FDE-BC08-4F31FBD253A9}.Release|Any CPU.Build.0 = Release|Any CPU
		{9E8BC8C2-3B03-401D-899A-2F791E9BE455}.Debug|Any CPU.ActiveCfg = Debug|Any CPU
		{9E8BC8C2-3B03-401D-899A-2F791E9BE455}.Debug|Any CPU.Build.0 = Debug|Any CPU
		{9E8BC8C2-3B03-401D-899A-2F791E9BE455}.Release|Any CPU.ActiveCfg = Release|Any CPU
		{9E8BC8C2-3B03-401D-899A-2F791E9BE455}.Release|Any CPU.Build.0 = Release|Any CPU
		{54AA52F6-73BA-4DA4-9CB0-65F17412B2DE}.Debug|Any CPU.ActiveCfg = Debug|Any CPU
		{54AA52F6-73BA-4DA4-9CB0-65F17412B2DE}.Debug|Any CPU.Build.0 = Debug|Any CPU
		{54AA52F6-73BA-4DA4-9CB0-65F17412B2DE}.Release|Any CPU.ActiveCfg = Release|Any CPU
		{54AA52F6-73BA-4DA4-9CB0-65F17412B2DE}.Release|Any CPU.Build.0 = Release|Any CPU
		{75D11AC3-9D14-4941-ADC7-530527D1056E}.Debug|Any CPU.ActiveCfg = Debug|Any CPU
		{75D11AC3-9D14-4941-ADC7-530527D1056E}.Debug|Any CPU.Build.0 = Debug|Any CPU
		{75D11AC3-9D14-4941-ADC7-530527D1056E}.Release|Any CPU.ActiveCfg = Release|Any CPU
		{75D11AC3-9D14-4941-ADC7-530527D1056E}.Release|Any CPU.Build.0 = Release|Any CPU
		{B3320E08-31E0-47E1-BFE4-B84A1DB5A0E3}.Debug|Any CPU.ActiveCfg = Debug|Any CPU
		{B3320E08-31E0-47E1-BFE4-B84A1DB5A0E3}.Debug|Any CPU.Build.0 = Debug|Any CPU
		{B3320E08-31E0-47E1-BFE4-B84A1DB5A0E3}.Release|Any CPU.ActiveCfg = Release|Any CPU
		{B3320E08-31E0-47E1-BFE4-B84A1DB5A0E3}.Release|Any CPU.Build.0 = Release|Any CPU
		{9A352A19-E496-4523-95F1-A7F4C6F00615}.Debug|Any CPU.ActiveCfg = Debug|Any CPU
		{9A352A19-E496-4523-95F1-A7F4C6F00615}.Debug|Any CPU.Build.0 = Debug|Any CPU
		{9A352A19-E496-4523-95F1-A7F4C6F00615}.Release|Any CPU.ActiveCfg = Release|Any CPU
		{9A352A19-E496-4523-95F1-A7F4C6F00615}.Release|Any CPU.Build.0 = Release|Any CPU
		{4003267B-7437-49F3-9DC6-4325458577B2}.Debug|Any CPU.ActiveCfg = Debug|Any CPU
		{4003267B-7437-49F3-9DC6-4325458577B2}.Debug|Any CPU.Build.0 = Debug|Any CPU
		{4003267B-7437-49F3-9DC6-4325458577B2}.Release|Any CPU.ActiveCfg = Release|Any CPU
		{4003267B-7437-49F3-9DC6-4325458577B2}.Release|Any CPU.Build.0 = Release|Any CPU
		{81B21180-3CE8-4A79-9FFE-58B015DA2F56}.Debug|Any CPU.ActiveCfg = Debug|Any CPU
		{81B21180-3CE8-4A79-9FFE-58B015DA2F56}.Debug|Any CPU.Build.0 = Debug|Any CPU
		{81B21180-3CE8-4A79-9FFE-58B015DA2F56}.Release|Any CPU.ActiveCfg = Release|Any CPU
		{81B21180-3CE8-4A79-9FFE-58B015DA2F56}.Release|Any CPU.Build.0 = Release|Any CPU
	EndGlobalSection
	GlobalSection(SolutionProperties) = preSolution
		HideSolutionNode = FALSE
	EndGlobalSection
	GlobalSection(NestedProjects) = preSolution
		{77253545-A74B-4607-8A40-664F27896567} = {EEBB652F-34B0-4EBF-8A7F-6C6A45A4F312}
		{8244C5FB-0139-4EB0-8DC8-A16311E2EB43} = {EEBB652F-34B0-4EBF-8A7F-6C6A45A4F312}
		{6E40FFFF-0540-4FDE-BC08-4F31FBD253A9} = {B517EF7A-FB63-481B-8905-96067CA2C044}
		{9E8BC8C2-3B03-401D-899A-2F791E9BE455} = {B517EF7A-FB63-481B-8905-96067CA2C044}
		{54AA52F6-73BA-4DA4-9CB0-65F17412B2DE} = {EEBB652F-34B0-4EBF-8A7F-6C6A45A4F312}
		{75D11AC3-9D14-4941-ADC7-530527D1056E} = {B517EF7A-FB63-481B-8905-96067CA2C044}
		{B3320E08-31E0-47E1-BFE4-B84A1DB5A0E3} = {EEBB652F-34B0-4EBF-8A7F-6C6A45A4F312}
		{9A352A19-E496-4523-95F1-A7F4C6F00615} = {B517EF7A-FB63-481B-8905-96067CA2C044}
		{70B7FAED-759F-4728-A1DE-A3CA38FB24A0} = {B517EF7A-FB63-481B-8905-96067CA2C044}
		{4003267B-7437-49F3-9DC6-4325458577B2} = {EEBB652F-34B0-4EBF-8A7F-6C6A45A4F312}
		{81B21180-3CE8-4A79-9FFE-58B015DA2F56} = {70B7FAED-759F-4728-A1DE-A3CA38FB24A0}
	EndGlobalSection
	GlobalSection(ExtensibilityGlobals) = postSolution
		SolutionGuid = {AE949C8A-6109-45FA-9CC3-3F3AF6E23D10}
	EndGlobalSection
EndGlobal
